<Solution>
  <Folder Name="/src/">
    <Project Path="src/Tessera.Nexus.AI.Application/Tessera.Nexus.AI.Application.csproj" />
    <Project Path="src/Tessera.Nexus.AI.Audit/Tessera.Nexus.AI.Audit.csproj" />
    <Project Path="src/Tessera.Nexus.AI.Domain/Tessera.Nexus.AI.Domain.csproj" />
    <Project Path="src/Tessera.Nexus.AI.Infrastructure/Tessera.Nexus.AI.Infrastructure.csproj" />
    <Project Path="src/Tessera.Nexus.AI.Metadata/Tessera.Nexus.AI.Metadata.csproj" />
    <Project Path="src/Tessera.Nexus.AI.Security/Tessera.Nexus.AI.Security.csproj" />
    <Project Path="src/Tessera.Nexus.AI.Shared/Tessera.Nexus.AI.Shared.csproj" />
    <Project Path="src/Tessera.Nexus.AI.Web/Tessera.Nexus.AI.Web.csproj" />
  </Folder>
</Solution>
